
Microsoft Visual Studio Solution File, Format Version 12.00
# Visual Studio Version 16
VisualStudioVersion = 16.0.30011.22
MinimumVisualStudioVersion = 10.0.40219.1
Project("{FAE04EC0-301F-11D3-BF4B-00C04F79EFBC}") = "MicrosoftToDo.Demo", "MicrosoftToDo.Demo.csproj", "{834ADA04-E2E3-468B-BD2C-8AF43E0C029A}"
EndProject
Global
	GlobalSection(SolutionConfigurationPlatforms) = preSolution
		Debug|Any CPU = Debug|Any CPU
		Release|Any CPU = Release|Any CPU
	EndGlobalSection
	GlobalSection(ProjectConfigurationPlatforms) = postSolution
		{834ADA04-E2E3-468B-BD2C-8AF43E0C029A}.Debug|Any CPU.ActiveCfg = Debug|Any CPU
		{834ADA04-E2E3-468B-BD2C-8AF43E0C029A}.Debug|Any CPU.Build.0 = Debug|Any CPU
		{834ADA04-E2E3-468B-BD2C-8AF43E0C029A}.Release|Any CPU.ActiveCfg = Release|Any CPU
		{834ADA04-E2E3-468B-BD2C-8AF43E0C029A}.Release|Any CPU.Build.0 = Release|Any CPU
	EndGlobalSection
	GlobalSection(SolutionProperties) = preSolution
		HideSolutionNode = FALSE
	EndGlobalSection
	GlobalSection(ExtensibilityGlobals) = postSolution
		SolutionGuid = {87317597-B335-49E9-AE93-77D2D0936902}
	EndGlobalSection
EndGlobal
